
Microsoft Visual Studio Solution File, Format Version 12.00
# Visual Studio Version 17
VisualStudioVersion = 17.4.33213.308
MinimumVisualStudioVersion = 10.0.40219.1
Project("{9A19103F-16F7-4668-BE54-9A1E7A4F7556}") = "RestCountriesChallenge", "RestCountriesChallenge\RestCountriesChallenge.csproj", "{18D6DF73-9B70-484F-BB38-77946E4012D0}"
EndProject
Project("{FAE04EC0-301F-11D3-BF4B-00C04F79EFBC}") = "CountriesChallengeTest", "CountriesChallengeTest\CountriesChallengeTest.csproj", "{E8D9076C-9E33-4D9B-A93B-8A9FE588EC0F}"
EndProject
Global
	GlobalSection(SolutionConfigurationPlatforms) = preSolution
		Debug|Any CPU = Debug|Any CPU
		Release|Any CPU = Release|Any CPU
	EndGlobalSection
	GlobalSection(ProjectConfigurationPlatforms) = postSolution
		{18D6DF73-9B70-484F-BB38-77946E4012D0}.Debug|Any CPU.ActiveCfg = Debug|Any CPU
		{18D6DF73-9B70-484F-BB38-77946E4012D0}.Debug|Any CPU.Build.0 = Debug|Any CPU
		{18D6DF73-9B70-484F-BB38-77946E4012D0}.Release|Any CPU.ActiveCfg = Release|Any CPU
		{18D6DF73-9B70-484F-BB38-77946E4012D0}.Release|Any CPU.Build.0 = Release|Any CPU
		{E8D9076C-9E33-4D9B-A93B-8A9FE588EC0F}.Debug|Any CPU.ActiveCfg = Debug|Any CPU
		{E8D9076C-9E33-4D9B-A93B-8A9FE588EC0F}.Debug|Any CPU.Build.0 = Debug|Any CPU
		{E8D9076C-9E33-4D9B-A93B-8A9FE588EC0F}.Release|Any CPU.ActiveCfg = Release|Any CPU
		{E8D9076C-9E33-4D9B-A93B-8A9FE588EC0F}.Release|Any CPU.Build.0 = Release|Any CPU
	EndGlobalSection
	GlobalSection(SolutionProperties) = preSolution
		HideSolutionNode = FALSE
	EndGlobalSection
	GlobalSection(ExtensibilityGlobals) = postSolution
		SolutionGuid = {4D9C2C96-71B1-4191-869C-576FF477D597}
	EndGlobalSection
EndGlobal
